PROJECT_VERSION=0.1.0-rc.1
GO_VERSION=1.25.12
HOST_OS=debian-13.6
HOST_KERNEL=6.12.96
RPI_OS_RELEASE=trixie
PI_GEN_ARMHF_COMMIT=314262cb286b8f33327a6f0cbabe14c625021ca0
PI_GEN_ARM64_COMMIT=ca8aeed0ae300c2a89f55ce9617d5f96a27e99e5
NBDKIT_VERSION=1.42.3
LIBNBD_VERSION=1.22.2
LINUX_NBD_ABI=6.12
ZERO_W_KERNEL_PACKAGE=linux-image-rpi-v6
PI4_KERNEL_PACKAGE=linux-image-rpi-v8
PI5_KERNEL_PACKAGE=linux-image-rpi-2712
